{
  "name": "workspace-web",
  "version": "1.0.0",
  "lockfileVersion": 3,
  "requires": true,
  "packages": {
    "": {
      "name": "workspace-web",
      "version": "1.0.0",
      "dependencies": {
        "@sample/ui": "1.0.0",
        "react": "18.2.0"
      },
      "devDependencies": {
        "vite": "5.4.0"
      }
    },
    "node_modules/@sample/ui": {
      "version": "1.0.0",
      "resolved": "https://registry.npmjs.org/@sample/ui/-/ui-1.0.0.tgz",
      "integrity": "sha512-fixture"
    },
    "node_modules/react": {
      "version": "18.2.0",
      "resolved": "https://registry.npmjs.org/react/-/react-18.2.0.tgz",
      "integrity": "sha512-fixture"
    },
    "node_modules/vite": {
      "version": "5.4.0",
      "resolved": "https://registry.npmjs.org/vite/-/vite-5.4.0.tgz",
      "integrity": "sha512-fixture",
      "dev": true
    },
    "node_modules/rollup": {
      "version": "4.24.0",
      "resolved": "https://registry.npmjs.org/rollup/-/rollup-4.24.0.tgz",
      "integrity": "sha512-fixture",
      "dev": true
    }
  }
}
